
Microsoft Visual Studio Solution File, Format Version 12.00
# Visual Studio 15
VisualStudioVersion = 15.0.27703.2018
MinimumVisualStudioVersion = 10.0.40219.1
Project("{FAE04EC0-301F-11D3-BF4B-00C04F79EFBC}") = "Ajax", "Ajax\Ajax.csproj", "{5FF5C3BF-7414-4CC7-A3E9-B36E5B44F8F9}"
EndProject
Global
	GlobalSection(SolutionConfigurationPlatforms) = preSolution
		Debug|Any CPU = Debug|Any CPU
		Release|Any CPU = Release|Any CPU
	EndGlobalSection
	GlobalSection(ProjectConfigurationPlatforms) = postSolution
		{5FF5C3BF-7414-4CC7-A3E9-B36E5B44F8F9}.Debug|Any CPU.ActiveCfg = Debug|Any CPU
		{5FF5C3BF-7414-4CC7-A3E9-B36E5B44F8F9}.Debug|Any CPU.Build.0 = Debug|Any CPU
		{5FF5C3BF-7414-4CC7-A3E9-B36E5B44F8F9}.Release|Any CPU.ActiveCfg = Release|Any CPU
		{5FF5C3BF-7414-4CC7-A3E9-B36E5B44F8F9}.Release|Any CPU.Build.0 = Release|Any CPU
	EndGlobalSection
	GlobalSection(SolutionProperties) = preSolution
		HideSolutionNode = FALSE
	EndGlobalSection
	GlobalSection(ExtensibilityGlobals) = postSolution
		SolutionGuid = {180F69EE-27B2-473A-AB43-BA3E1AA83C4C}
	EndGlobalSection
EndGlobal
